// !$*UTF8*$!
{
	archiveVersion = 1;
	classes = {
	};
	objectVersion = 46;
	objects = {

/* Begin PBXBuildFile section */
		23C80F391556D5E10024FF8F /* Foundation.framework in Frameworks */ = {isa = PBXBuildFile; fileRef = 23C80F381556D5E10024FF8F /* Foundation.framework */; };
		23C80F4C1556D6A80024FF8F /* JSONKit-Prefix.pch in Headers */ = {isa = PBXBuildFile; fileRef = 23C80F491556D6A80024FF8F /* JSONKit-Prefix.pch */; };
		23C80F4D1556D6A80024FF8F /* JSONKit.h in Headers */ = {isa = PBXBuildFile; fileRef = 23C80F4A1556D6A80024FF8F /* JSONKit.h */; };
		23C80F4E1556D6A80024FF8F /* JSONKit.m in Sources */ = {isa = PBXBuildFile; fileRef = 23C80F4B1556D6A80024FF8F /* JSONKit.m */; };
/* End PBXBuildFile section */

/* Begin PBXFileReference section */
		23C80F351556D5E10024FF8F /* libJSONKit.a */ = {isa = PBXFileReference; explicitFileType = archive.ar; includeInIndex = 0; path = libJSONKit.a; sourceTree = BUILT_PRODUCTS_DIR; };
		23C80F381556D5E10024FF8F /* Foundation.framework */ = {isa = PBXFileReference; lastKnownFileType = wrapper.framework; name = Foundation.framework; path = System/Library/Frameworks/Foundation.framework; sourceTree = SDKROOT; };
		23C80F491556D6A80024FF8F /* JSONKit-Prefix.pch */ = {isa = PBXFileReference; fileEncoding = 4; lastKnownFileType = sourcecode.c.h; path = "JSONKit-Prefix.pch"; sourceTree = "<group>"; };
		23C80F4A1556D6A80024FF8F /* JSONKit.h */ = {isa = PBXFileReference; fileEncoding = 4; lastKnownFileType = sourcecode.c.h; path = JSONKit.h; sourceTree = "<group>"; };
		23C80F4B1556D6A80024FF8F /* JSONKit.m */ = {isa = PBXFileReference; fileEncoding = 4; lastKnownFileType = sourcecode.c.objc; path = JSONKit.m; sourceTree = "<group>"; };
/* End PBXFileReference section */

/* Begin PBXFrameworksBuildPhase section */
		23C80F321556D5E10024FF8F /* Frameworks */ = {
			isa = PBXFrameworksBuildPhase;
			buildActionMask = 2147483647;
			files = (
				23C80F391556D5E10024FF8F /* Foundation.framework in Frameworks */,
			);
			runOnlyForDeploymentPostprocessing = 0;
		};
/* End PBXFrameworksBuildPhase section */

/* Begin PBXGroup section */
		23C80F2A1556D5E10024FF8F = {
			isa = PBXGroup;
			children = (
				23C80F3A1556D5E10024FF8F /* Sources */,
				23C80F371556D5E10024FF8F /* Frameworks */,
				23C80F361556D5E10024FF8F /* Products */,
			);
			sourceTree = "<group>";
		};
		23C80F361556D5E10024FF8F /* Products */ = {
			isa = PBXGroup;
			children = (
				23C80F351556D5E10024FF8F /* libJSONKit.a */,
			);
			name = Products;
			sourceTree = "<group>";
		};
		23C80F371556D5E10024FF8F /* Frameworks */ = {
			isa = PBXGroup;
			children = (
				23C80F381556D5E10024FF8F /* Foundation.framework */,
			);
			name = Frameworks;
			sourceTree = "<group>";
		};
		23C80F3A1556D5E10024FF8F /* Sources */ = {
			isa = PBXGroup;
			children = (
				23C80F491556D6A80024FF8F /* JSONKit-Prefix.pch */,
				23C80F4A1556D6A80024FF8F /* JSONKit.h */,
				23C80F4B1556D6A80024FF8F /* JSONKit.m */,
			);
			name = Sources;
			path = JSONKit;
			sourceTree = "<group>";
		};
/* End PBXGroup section */

/* Begin PBXHeadersBuildPhase section */
		23C80F331556D5E10024FF8F /* Headers */ = {
			isa = PBXHeadersBuildPhase;
			buildActionMask = 2147483647;
			files = (
				23C80F4C1556D6A80024FF8F /* JSONKit-Prefix.pch in Headers */,
				23C80F4D1556D6A80024FF8F /* JSONKit.h in Headers */,
			);
			runOnlyForDeploymentPostprocessing = 0;
		};
/* End PBXHeadersBuildPhase section */

/* Begin PBXNativeTarget section */
		23C80F341556D5E10024FF8F /* JSONKit */ = {
			isa = PBXNativeTarget;
			buildConfigurationList = 23C80F421556D5E10024FF8F /* Build configuration list for PBXNativeTarget "JSONKit" */;
			buildPhases = (
				23C80F311556D5E10024FF8F /* Sources */,
				23C80F321556D5E10024FF8F /* Frameworks */,
				23C80F331556D5E10024FF8F /* Headers */,
			);
			buildRules = (
			);
			dependencies = (
			);
			name = JSONKit;
			productName = JSONKit;
			productReference = 23C80F351556D5E10024FF8F /* libJSONKit.a */;
			productType = "com.apple.product-type.library.static";
		};
/* End PBXNativeTarget section */

/* Begin PBXProject section */
		23C80F2C1556D5E10024FF8F /* Project object */ = {
			isa = PBXProject;
			attributes = {
				LastUpgradeCheck = 0430;
				ORGANIZATIONNAME = "PT Comunicações";
			};
			buildConfigurationList = 23C80F2F1556D5E10024FF8F /* Build configuration list for PBXProject "JSONKit" */;
			compatibilityVersion = "Xcode 3.2";
			developmentRegion = English;
			hasScannedForEncodings = 0;
			knownRegions = (
				en,
			);
			mainGroup = 23C80F2A1556D5E10024FF8F;
			productRefGroup = 23C80F361556D5E10024FF8F /* Products */;
			projectDirPath = "";
			projectRoot = "";
			targets = (
				23C80F341556D5E10024FF8F /* JSONKit */,
			);
		};
/* End PBXProject section */

/* Begin PBXSourcesBuildPhase section */
		23C80F311556D5E10024FF8F /* Sources */ = {
			isa = PBXSourcesBuildPhase;
			buildActionMask = 2147483647;
			files = (
				23C80F4E1556D6A80024FF8F /* JSONKit.m in Sources */,
			);
			runOnlyForDeploymentPostprocessing = 0;
		};
/* End PBXSourcesBuildPhase section */

/* Begin XCBuildConfiguration section */
		23C80F401556D5E10024FF8F /* Debug */ = {
			isa = XCBuildConfiguration;
			buildSettings = {
				ALWAYS_SEARCH_USER_PATHS = NO;
				ARCHS = "$(ARCHS_STANDARD_32_BIT)";
				COPY_PHASE_STRIP = NO;
				GCC_C_LANGUAGE_STANDARD = gnu99;
				GCC_DYNAMIC_NO_PIC = NO;
				GCC_OPTIMIZATION_LEVEL = 0;
				GCC_PREPROCESSOR_DEFINITIONS = (
					"DEBUG=1",
					"$(inherited)",
				);
				GCC_SYMBOLS_PRIVATE_EXTERN = NO;
				GCC_VERSION = com.apple.compilers.llvm.clang.1_0;
				GCC_WARN_ABOUT_RETURN_TYPE = YES;
				GCC_WARN_UNINITIALIZED_AUTOS = YES;
				GCC_WARN_UNUSED_VARIABLE = YES;
				IPHONEOS_DEPLOYMENT_TARGET = 5.1;
				SDKROOT = iphoneos;
			};
			name = Debug;
		};
		23C80F411556D5E10024FF8F /* Release */ = {
			isa = XCBuildConfiguration;
			buildSettings = {
				ALWAYS_SEARCH_USER_PATHS = NO;
				ARCHS = "$(ARCHS_STANDARD_32_BIT)";
				COPY_PHASE_STRIP = YES;
				GCC_C_LANGUAGE_STANDARD = gnu99;
				GCC_VERSION = com.apple.compilers.llvm.clang.1_0;
				GCC_WARN_ABOUT_RETURN_TYPE = YES;
				GCC_WARN_UNINITIALIZED_AUTOS = YES;
				GCC_WARN_UNUSED_VARIABLE = YES;
				IPHONEOS_DEPLOYMENT_TARGET = 5.1;
				SDKROOT = iphoneos;
				VALIDATE_PRODUCT = YES;
			};
			name = Release;
		};
		23C80F431556D5E10024FF8F /* Debug */ = {
			isa = XCBuildConfiguration;
			buildSettings = {
				DSTROOT = /tmp/JSONKit.dst;
				GCC_PRECOMPILE_PREFIX_HEADER = YES;
				GCC_PREFIX_HEADER = "JSONKit/JSONKit-Prefix.pch";
				OTHER_LDFLAGS = "-ObjC";
				PRODUCT_NAME = "$(TARGET_NAME)";
				SKIP_INSTALL = YES;
			};
			name = Debug;
		};
		23C80F441556D5E10024FF8F /* Release */ = {
			isa = XCBuildConfiguration;
			buildSettings = {
				DSTROOT = /tmp/JSONKit.dst;
				GCC_PRECOMPILE_PREFIX_HEADER = YES;
				GCC_PREFIX_HEADER = "JSONKit/JSONKit-Prefix.pch";
				OTHER_LDFLAGS = "-ObjC";
				PRODUCT_NAME = "$(TARGET_NAME)";
				SKIP_INSTALL = YES;
			};
			name = Release;
		};
/* End XCBuildConfiguration section */

/* Begin XCConfigurationList section */
		23C80F2F1556D5E10024FF8F /* Build configuration list for PBXProject "JSONKit" */ = {
			isa = XCConfigurationList;
			buildConfigurations = (
				23C80F401556D5E10024FF8F /* Debug */,
				23C80F411556D5E10024FF8F /* Release */,
			);
			defaultConfigurationIsVisible = 0;
			defaultConfigurationName = Release;
		};
		23C80F421556D5E10024FF8F /* Build configuration list for PBXNativeTarget "JSONKit" */ = {
			isa = XCConfigurationList;
			buildConfigurations = (
				23C80F431556D5E10024FF8F /* Debug */,
				23C80F441556D5E10024FF8F /* Release */,
			);
			defaultConfigurationIsVisible = 0;
			defaultConfigurationName = Release;
		};
/* End XCConfigurationList section */
	};
	rootObject = 23C80F2C1556D5E10024FF8F /* Project object */;
}
